{
  "name": "@aiz.im/aizim",
  "version": "0.1.0",
  "lockfileVersion": 3,
  "requires": true,
  "packages": {
    "": {
      "name": "@aiz.im/aizim",
      "version": "0.1.0",
      "license": "MIT",
      "workspaces": [
        "npm/platforms/*"
      ],
      "bin": {
        "aizim": "bin/aizim.js"
      },
      "devDependencies": {
        "typescript": "6.0.2"
      },
      "engines": {
        "node": ">=22.22.2"
      },
      "optionalDependencies": {
        "@aiz.im/aizim-darwin-arm64": "0.1.0",
        "@aiz.im/aizim-linux-arm64": "0.1.0",
        "@aiz.im/aizim-linux-x64": "0.1.0"
      }
    },
    "node_modules/@aiz.im/aizim-darwin-arm64": {
      "resolved": "npm/platforms/darwin-arm64",
      "link": true
    },
    "node_modules/@aiz.im/aizim-linux-arm64": {
      "resolved": "npm/platforms/linux-arm64",
      "link": true
    },
    "node_modules/@aiz.im/aizim-linux-x64": {
      "resolved": "npm/platforms/linux-x64",
      "link": true
    },
    "node_modules/typescript": {
      "version": "6.0.2",
      "resolved": "https://registry.npmjs.org/typescript/-/typescript-6.0.2.tgz",
      "integrity": "sha512-bGdAIrZ0wiGDo5l8c++HWtbaNCWTS4UTv7RaTH/ThVIgjkveJt83m74bBHMJkuCbslY8ixgLBVZJIOiQlQTjfQ==",
      "dev": true,
      "license": "Apache-2.0",
      "bin": {
        "tsc": "bin/tsc",
        "tsserver": "bin/tsserver"
      },
      "engines": {
        "node": ">=14.17"
      }
    },
    "npm/platforms/darwin-arm64": {
      "name": "@aiz.im/aizim-darwin-arm64",
      "version": "0.1.0",
      "license": "MIT"
    },
    "npm/platforms/linux-arm64": {
      "name": "@aiz.im/aizim-linux-arm64",
      "version": "0.1.0",
      "license": "MIT"
    },
    "npm/platforms/linux-x64": {
      "name": "@aiz.im/aizim-linux-x64",
      "version": "0.1.0",
      "license": "MIT"
    }
  }
}
